<?xml version="1.0" encoding="utf-8"?>
<Project ToolsVersion="4.0" xmlns="http://schemas.microsoft.com/developer/msbuild/2003">
  <ItemGroup>
    <Filter Include="소스 파일">
      <UniqueIdentifier>{4FC737F1-C7A5-4376-A066-2A32D752A2FF}</UniqueIdentifier>
      <Extensions>cpp;c;cc;cxx;def;odl;idl;hpj;bat;asm;asmx</Extensions>
    </Filter>
    <Filter Include="헤더 파일">
      <UniqueIdentifier>{93995380-89BD-4b04-88EB-625FBE52EBFB}</UniqueIdentifier>
      <Extensions>h;hh;hpp;hxx;hm;inl;inc;xsd</Extensions>
    </Filter>
    <Filter Include="리소스 파일">
      <UniqueIdentifier>{67DA6AB6-F800-4c08-8B7A-83BB121AAD01}</UniqueIdentifier>
      <Extensions>rc;ico;cur;bmp;dlg;rc2;rct;bin;rgs;gif;jpg;jpeg;jpe;resx;tiff;tif;png;wav;mfcribbon-ms</Extensions>
    </Filter>
    <Filter Include="00. GameController">
      <UniqueIdentifier>{2510523f-66b8-4eaf-94b1-adc81b4e5111}</UniqueIdentifier>
    </Filter>
    <Filter Include="01. Obj">
      <UniqueIdentifier>{78f161d7-4363-4bb3-858e-c8e394aec4dd}</UniqueIdentifier>
    </Filter>
    <Filter Include="02. Player">
      <UniqueIdentifier>{a3671471-d04a-40ab-a31b-57d6290e9464}</UniqueIdentifier>
    </Filter>
    <Filter Include="03. Store">
      <UniqueIdentifier>{843e0620-7ad7-4c3d-b306-ab9879e240dc}</UniqueIdentifier>
    </Filter>
    <Filter Include="04. Item">
      <UniqueIdentifier>{e408aa95-ac15-4b72-9bf3-b8d1c85758bd}</UniqueIdentifier>
    </Filter>
    <Filter Include="05. Weapone">
      <UniqueIdentifier>{cc3557fd-f007-4bbe-9612-91f726cf7fda}</UniqueIdentifier>
    </Filter>
    <Filter Include="06. Armor">
      <UniqueIdentifier>{95dc326b-1875-48e3-894a-86f03d5ccba8}</UniqueIdentifier>
    </Filter>
    <Filter Include="07. Field">
      <UniqueIdentifier>{e7a8bafd-42e2-48e0-a8ca-2f6b60d5cb89}</UniqueIdentifier>
    </Filter>
    <Filter Include="08. Monster">
      <UniqueIdentifier>{70c6e618-48f8-49b3-8207-bcf3ac92c4ad}</UniqueIdentifier>
    </Filter>
  </ItemGroup>
  <ItemGroup>
    <Text Include="ReadMe.txt" />
  </ItemGroup>
  <ItemGroup>
    <ClInclude Include="stdafx.h">
      <Filter>헤더 파일</Filter>
    </ClInclude>
    <ClInclude Include="targetver.h">
      <Filter>헤더 파일</Filter>
    </ClInclude>
    <ClInclude Include="GameController.h">
      <Filter>00. GameController</Filter>
    </ClInclude>
    <ClInclude Include="Obj.h">
      <Filter>01. Obj</Filter>
    </ClInclude>
    <ClInclude Include="Player.h">
      <Filter>02. Player</Filter>
    </ClInclude>
    <ClInclude Include="Store.h">
      <Filter>03. Store</Filter>
    </ClInclude>
    <ClInclude Include="Item.h">
      <Filter>04. Item</Filter>
    </ClInclude>
    <ClInclude Include="Armor.h">
      <Filter>06. Armor</Filter>
    </ClInclude>
    <ClInclude Include="Weapone.h">
      <Filter>05. Weapone</Filter>
    </ClInclude>
    <ClInclude Include="Field.h">
      <Filter>07. Field</Filter>
    </ClInclude>
    <ClInclude Include="Monster.h">
      <Filter>08. Monster</Filter>
    </ClInclude>
  </ItemGroup>
  <ItemGroup>
    <ClCompile Include="stdafx.cpp">
      <Filter>소스 파일</Filter>
    </ClCompile>
    <ClCompile Include="TextRPG_5.cpp">
      <Filter>소스 파일</Filter>
    </ClCompile>
    <ClCompile Include="GameController.cpp">
      <Filter>00. GameController</Filter>
    </ClCompile>
    <ClCompile Include="Obj.cpp">
      <Filter>01. Obj</Filter>
    </ClCompile>
    <ClCompile Include="Player.cpp">
      <Filter>02. Player</Filter>
    </ClCompile>
    <ClCompile Include="Store.cpp">
      <Filter>03. Store</Filter>
    </ClCompile>
    <ClCompile Include="Item.cpp">
      <Filter>04. Item</Filter>
    </ClCompile>
    <ClCompile Include="Armor.cpp">
      <Filter>06. Armor</Filter>
    </ClCompile>
    <ClCompile Include="Weapone.cpp">
      <Filter>05. Weapone</Filter>
    </ClCompile>
    <ClCompile Include="Field.cpp">
      <Filter>07. Field</Filter>
    </ClCompile>
    <ClCompile Include="Monster.cpp">
      <Filter>08. Monster</Filter>
    </ClCompile>
  </ItemGroup>
</Project>